// !$*UTF8*$!
{
	archiveVersion = 1;
	classes = {
	};
	objectVersion = 50;
	objects = {

/* Begin PBXBuildFile section */
		20CEB8B4284183C40038718A /* AppDelegate.swift in Sources */ = {isa = PBXBuildFile; fileRef = 20CEB8B3284183C40038718A /* AppDelegate.swift */; };
		20CEB8B6284183C40038718A /* SceneDelegate.swift in Sources */ = {isa = PBXBuildFile; fileRef = 20CEB8B5284183C40038718A /* SceneDelegate.swift */; };
		20CEB8B8284183C40038718A /* ViewController.swift in Sources */ = {isa = PBXBuildFile; fileRef = 20CEB8B7284183C40038718A /* ViewController.swift */; };
		20CEB8BB284183C40038718A /* Main.storyboard in Resources */ = {isa = PBXBuildFile; fileRef = 20CEB8B9284183C40038718A /* Main.storyboard */; };
		20CEB8BD284183C70038718A /* Assets.xcassets in Resources */ = {isa = PBXBuildFile; fileRef = 20CEB8BC284183C70038718A /* Assets.xcassets */; };
		20CEB8C0284183C70038718A /* LaunchScreen.storyboard in Resources */ = {isa = PBXBuildFile; fileRef = 20CEB8BE284183C70038718A /* LaunchScreen.storyboard */; };
		20CEB8C828418D290038718A /* SimpleTableViewCell.swift in Sources */ = {isa = PBXBuildFile; fileRef = 20CEB8C728418D290038718A /* SimpleTableViewCell.swift */; };
		20CEB8CA28418EBC0038718A /* ImageTableViewCell.swift in Sources */ = {isa = PBXBuildFile; fileRef = 20CEB8C928418EBC0038718A /* ImageTableViewCell.swift */; };
/* End PBXBuildFile section */

/* Begin PBXFileReference section */
		20CEB8B0284183C40038718A /* MultipleCustomCell.app */ = {isa = PBXFileReference; explicitFileType = wrapper.application; includeInIndex = 0; path = MultipleCustomCell.app; sourceTree = BUILT_PRODUCTS_DIR; };
		20CEB8B3284183C40038718A /* AppDelegate.swift */ = {isa = PBXFileReference; lastKnownFileType = sourcecode.swift; path = AppDelegate.swift; sourceTree = "<group>"; };
		20CEB8B5284183C40038718A /* SceneDelegate.swift */ = {isa = PBXFileReference; lastKnownFileType = sourcecode.swift; path = SceneDelegate.swift; sourceTree = "<group>"; };
		20CEB8B7284183C40038718A /* ViewController.swift */ = {isa = PBXFileReference; lastKnownFileType = sourcecode.swift; path = ViewController.swift; sourceTree = "<group>"; };
		20CEB8BA284183C40038718A /* Base */ = {isa = PBXFileReference; lastKnownFileType = file.storyboard; name = Base; path = Base.lproj/Main.storyboard; sourceTree = "<group>"; };
		20CEB8BC284183C70038718A /* Assets.xcassets */ = {isa = PBXFileReference; lastKnownFileType = folder.assetcatalog; path = Assets.xcassets; sourceTree = "<group>"; };
		20CEB8BF284183C70038718A /* Base */ = {isa = PBXFileReference; lastKnownFileType = file.storyboard; name = Base; path = Base.lproj/LaunchScreen.storyboard; sourceTree = "<group>"; };
		20CEB8C1284183C70038718A /* Info.plist */ = {isa = PBXFileReference; lastKnownFileType = text.plist.xml; path = Info.plist; sourceTree = "<group>"; };
		20CEB8C728418D290038718A /* SimpleTableViewCell.swift */ = {isa = PBXFileReference; lastKnownFileType = sourcecode.swift; path = SimpleTableViewCell.swift; sourceTree = "<group>"; };
		20CEB8C928418EBC0038718A /* ImageTableViewCell.swift */ = {isa = PBXFileReference; lastKnownFileType = sourcecode.swift; path = ImageTableViewCell.swift; sourceTree = "<group>"; };
/* End PBXFileReference section */

/* Begin PBXFrameworksBuildPhase section */
		20CEB8AD284183C40038718A /* Frameworks */ = {
			isa = PBXFrameworksBuildPhase;
			buildActionMask = 2147483647;
			files = (
			);
			runOnlyForDeploymentPostprocessing = 0;
		};
/* End PBXFrameworksBuildPhase section */

/* Begin PBXGroup section */
		20CEB8A7284183C30038718A = {
			isa = PBXGroup;
			children = (
				20CEB8B2284183C40038718A /* MultipleCustomCell */,
				20CEB8B1284183C40038718A /* Products */,
			);
			sourceTree = "<group>";
		};
		20CEB8B1284183C40038718A /* Products */ = {
			isa = PBXGroup;
			children = (
				20CEB8B0284183C40038718A /* MultipleCustomCell.app */,
			);
			name = Products;
			sourceTree = "<group>";
		};
		20CEB8B2284183C40038718A /* MultipleCustomCell */ = {
			isa = PBXGroup;
			children = (
				20CEB8B3284183C40038718A /* AppDelegate.swift */,
				20CEB8B5284183C40038718A /* SceneDelegate.swift */,
				20CEB8B7284183C40038718A /* ViewController.swift */,
				20CEB8C728418D290038718A /* SimpleTableViewCell.swift */,
				20CEB8B9284183C40038718A /* Main.storyboard */,
				20CEB8BC284183C70038718A /* Assets.xcassets */,
				20CEB8BE284183C70038718A /* LaunchScreen.storyboard */,
				20CEB8C1284183C70038718A /* Info.plist */,
				20CEB8C928418EBC0038718A /* ImageTableViewCell.swift */,
			);
			path = MultipleCustomCell;
			sourceTree = "<group>";
		};
/* End PBXGroup section */

/* Begin PBXNativeTarget section */
		20CEB8AF284183C40038718A /* MultipleCustomCell */ = {
			isa = PBXNativeTarget;
			buildConfigurationList = 20CEB8C4284183C70038718A /* Build configuration list for PBXNativeTarget "MultipleCustomCell" */;
			buildPhases = (
				20CEB8AC284183C40038718A /* Sources */,
				20CEB8AD284183C40038718A /* Frameworks */,
				20CEB8AE284183C40038718A /* Resources */,
			);
			buildRules = (
			);
			dependencies = (
			);
			name = MultipleCustomCell;
			productName = MultipleCustomCell;
			productReference = 20CEB8B0284183C40038718A /* MultipleCustomCell.app */;
			productType = "com.apple.product-type.application";
		};
/* End PBXNativeTarget section */

/* Begin PBXProject section */
		20CEB8A8284183C30038718A /* Project object */ = {
			isa = PBXProject;
			attributes = {
				LastSwiftUpdateCheck = 1250;
				LastUpgradeCheck = 1250;
				TargetAttributes = {
					20CEB8AF284183C40038718A = {
						CreatedOnToolsVersion = 12.5.1;
					};
				};
			};
			buildConfigurationList = 20CEB8AB284183C30038718A /* Build configuration list for PBXProject "MultipleCustomCell" */;
			compatibilityVersion = "Xcode 9.3";
			developmentRegion = en;
			hasScannedForEncodings = 0;
			knownRegions = (
				en,
				Base,
			);
			mainGroup = 20CEB8A7284183C30038718A;
			productRefGroup = 20CEB8B1284183C40038718A /* Products */;
			projectDirPath = "";
			projectRoot = "";
			targets = (
				20CEB8AF284183C40038718A /* MultipleCustomCell */,
			);
		};
/* End PBXProject section */

/* Begin PBXResourcesBuildPhase section */
		20CEB8AE284183C40038718A /* Resources */ = {
			isa = PBXResourcesBuildPhase;
			buildActionMask = 2147483647;
			files = (
				20CEB8C0284183C70038718A /* LaunchScreen.storyboard in Resources */,
				20CEB8BD284183C70038718A /* Assets.xcassets in Resources */,
				20CEB8BB284183C40038718A /* Main.storyboard in Resources */,
			);
			runOnlyForDeploymentPostprocessing = 0;
		};
/* End PBXResourcesBuildPhase section */

/* Begin PBXSourcesBuildPhase section */
		20CEB8AC284183C40038718A /* Sources */ = {
			isa = PBXSourcesBuildPhase;
			buildActionMask = 2147483647;
			files = (
				20CEB8B8284183C40038718A /* ViewController.swift in Sources */,
				20CEB8C828418D290038718A /* SimpleTableViewCell.swift in Sources */,
				20CEB8CA28418EBC0038718A /* ImageTableViewCell.swift in Sources */,
				20CEB8B4284183C40038718A /* AppDelegate.swift in Sources */,
				20CEB8B6284183C40038718A /* SceneDelegate.swift in Sources */,
			);
			runOnlyForDeploymentPostprocessing = 0;
		};
/* End PBXSourcesBuildPhase section */

/* Begin PBXVariantGroup section */
		20CEB8B9284183C40038718A /* Main.storyboard */ = {
			isa = PBXVariantGroup;
			children = (
				20CEB8BA284183C40038718A /* Base */,
			);
			name = Main.storyboard;
			sourceTree = "<group>";
		};
		20CEB8BE284183C70038718A /* LaunchScreen.storyboard */ = {
			isa = PBXVariantGroup;
			children = (
				20CEB8BF284183C70038718A /* Base */,
			);
			name = LaunchScreen.storyboard;
			sourceTree = "<group>";
		};
/* End PBXVariantGroup section */

/* Begin XCBuildConfiguration section */
		20CEB8C2284183C70038718A /* Debug */ = {
			isa = XCBuildConfiguration;
			buildSettings = {
				ALWAYS_SEARCH_USER_PATHS = NO;
				CLANG_ANALYZER_NONNULL = YES;
				CLANG_ANALYZER_NUMBER_OBJECT_CONVERSION = YES_AGGRESSIVE;
				CLANG_CXX_LANGUAGE_STANDARD = "gnu++14";
				CLANG_CXX_LIBRARY = "libc++";
				CLANG_ENABLE_MODULES = YES;
				CLANG_ENABLE_OBJC_ARC = YES;
				CLANG_ENABLE_OBJC_WEAK = YES;
				CLANG_WARN_BLOCK_CAPTURE_AUTORELEASING = YES;
				CLANG_WARN_BOOL_CONVERSION = YES;
				CLANG_WARN_COMMA = YES;
				CLANG_WARN_CONSTANT_CONVERSION = YES;
				CLANG_WARN_DEPRECATED_OBJC_IMPLEMENTATIONS = YES;
				CLANG_WARN_DIRECT_OBJC_ISA_USAGE = YES_ERROR;
				CLANG_WARN_DOCUMENTATION_COMMENTS = YES;
				CLANG_WARN_EMPTY_BODY = YES;
				CLANG_WARN_ENUM_CONVERSION = YES;
				CLANG_WARN_INFINITE_RECURSION = YES;
				CLANG_WARN_INT_CONVERSION = YES;
				CLANG_WARN_NON_LITERAL_NULL_CONVERSION = YES;
				CLANG_WARN_OBJC_IMPLICIT_RETAIN_SELF = YES;
				CLANG_WARN_OBJC_LITERAL_CONVERSION = YES;
				CLANG_WARN_OBJC_ROOT_CLASS = YES_ERROR;
				CLANG_WARN_QUOTED_INCLUDE_IN_FRAMEWORK_HEADER = YES;
				CLANG_WARN_RANGE_LOOP_ANALYSIS = YES;
				CLANG_WARN_STRICT_PROTOTYPES = YES;
				CLANG_WARN_SUSPICIOUS_MOVE = YES;
				CLANG_WARN_UNGUARDED_AVAILABILITY = YES_AGGRESSIVE;
				CLANG_WARN_UNREACHABLE_CODE = YES;
				CLANG_WARN__DUPLICATE_METHOD_MATCH = YES;
				COPY_PHASE_STRIP = NO;
				DEBUG_INFORMATION_FORMAT = dwarf;
				ENABLE_STRICT_OBJC_MSGSEND = YES;
				ENABLE_TESTABILITY = YES;
				GCC_C_LANGUAGE_STANDARD = gnu11;
				GCC_DYNAMIC_NO_PIC = NO;
				GCC_NO_COMMON_BLOCKS = YES;
				GCC_OPTIMIZATION_LEVEL = 0;
				GCC_PREPROCESSOR_DEFINITIONS = (
					"DEBUG=1",
					"$(inherited)",
				);
				GCC_WARN_64_TO_32_BIT_CONVERSION = YES;
				GCC_WARN_ABOUT_RETURN_TYPE = YES_ERROR;
				GCC_WARN_UNDECLARED_SELECTOR = YES;
				GCC_WARN_UNINITIALIZED_AUTOS = YES_AGGRESSIVE;
				GCC_WARN_UNUSED_FUNCTION = YES;
				GCC_WARN_UNUSED_VARIABLE = YES;
				IPHONEOS_DEPLOYMENT_TARGET = 14.5;
				MTL_ENABLE_DEBUG_INFO = INCLUDE_SOURCE;
				MTL_FAST_MATH = YES;
				ONLY_ACTIVE_ARCH = YES;
				SDKROOT = iphoneos;
				SWIFT_ACTIVE_COMPILATION_CONDITIONS = DEBUG;
				SWIFT_OPTIMIZATION_LEVEL = "-Onone";
			};
			name = Debug;
		};
		20CEB8C3284183C70038718A /* Release */ = {
			isa = XCBuildConfiguration;
			buildSettings = {
				ALWAYS_SEARCH_USER_PATHS = NO;
				CLANG_ANALYZER_NONNULL = YES;
				CLANG_ANALYZER_NUMBER_OBJECT_CONVERSION = YES_AGGRESSIVE;
				CLANG_CXX_LANGUAGE_STANDARD = "gnu++14";
				CLANG_CXX_LIBRARY = "libc++";
				CLANG_ENABLE_MODULES = YES;
				CLANG_ENABLE_OBJC_ARC = YES;
				CLANG_ENABLE_OBJC_WEAK = YES;
				CLANG_WARN_BLOCK_CAPTURE_AUTORELEASING = YES;
				CLANG_WARN_BOOL_CONVERSION = YES;
				CLANG_WARN_COMMA = YES;
				CLANG_WARN_CONSTANT_CONVERSION = YES;
				CLANG_WARN_DEPRECATED_OBJC_IMPLEMENTATIONS = YES;
				CLANG_WARN_DIRECT_OBJC_ISA_USAGE = YES_ERROR;
				CLANG_WARN_DOCUMENTATION_COMMENTS = YES;
				CLANG_WARN_EMPTY_BODY = YES;
				CLANG_WARN_ENUM_CONVERSION = YES;
				CLANG_WARN_INFINITE_RECURSION = YES;
				CLANG_WARN_INT_CONVERSION = YES;
				CLANG_WARN_NON_LITERAL_NULL_CONVERSION = YES;
				CLANG_WARN_OBJC_IMPLICIT_RETAIN_SELF = YES;
				CLANG_WARN_OBJC_LITERAL_CONVERSION = YES;
				CLANG_WARN_OBJC_ROOT_CLASS = YES_ERROR;
				CLANG_WARN_QUOTED_INCLUDE_IN_FRAMEWORK_HEADER = YES;
				CLANG_WARN_RANGE_LOOP_ANALYSIS = YES;
				CLANG_WARN_STRICT_PROTOTYPES = YES;
				CLANG_WARN_SUSPICIOUS_MOVE = YES;
				CLANG_WARN_UNGUARDED_AVAILABILITY = YES_AGGRESSIVE;
				CLANG_WARN_UNREACHABLE_CODE = YES;
				CLANG_WARN__DUPLICATE_METHOD_MATCH = YES;
				COPY_PHASE_STRIP = NO;
				DEBUG_INFORMATION_FORMAT = "dwarf-with-dsym";
				ENABLE_NS_ASSERTIONS = NO;
				ENABLE_STRICT_OBJC_MSGSEND = YES;
				GCC_C_LANGUAGE_STANDARD = gnu11;
				GCC_NO_COMMON_BLOCKS = YES;
				GCC_WARN_64_TO_32_BIT_CONVERSION = YES;
				GCC_WARN_ABOUT_RETURN_TYPE = YES_ERROR;
				GCC_WARN_UNDECLARED_SELECTOR = YES;
				GCC_WARN_UNINITIALIZED_AUTOS = YES_AGGRESSIVE;
				GCC_WARN_UNUSED_FUNCTION = YES;
				GCC_WARN_UNUSED_VARIABLE = YES;
				IPHONEOS_DEPLOYMENT_TARGET = 14.5;
				MTL_ENABLE_DEBUG_INFO = NO;
				MTL_FAST_MATH = YES;
				SDKROOT = iphoneos;
				SWIFT_COMPILATION_MODE = wholemodule;
				SWIFT_OPTIMIZATION_LEVEL = "-O";
				VALIDATE_PRODUCT = YES;
			};
			name = Release;
		};
		20CEB8C5284183C70038718A /* Debug */ = {
			isa = XCBuildConfiguration;
			buildSettings = {
				ASSETCATALOG_COMPILER_APPICON_NAME = AppIcon;
				ASSETCATALOG_COMPILER_GLOBAL_ACCENT_COLOR_NAME = AccentColor;
				CODE_SIGN_STYLE = Automatic;
				DEVELOPMENT_TEAM = 6N28M8Q8ZN;
				INFOPLIST_FILE = MultipleCustomCell/Info.plist;
				LD_RUNPATH_SEARCH_PATHS = (
					"$(inherited)",
					"@executable_path/Frameworks",
				);
				PRODUCT_BUNDLE_IDENTIFIER = com.rosenvb.MultipleCustomCell;
				PRODUCT_NAME = "$(TARGET_NAME)";
				SWIFT_VERSION = 5.0;
				TARGETED_DEVICE_FAMILY = "1,2";
			};
			name = Debug;
		};
		20CEB8C6284183C70038718A /* Release */ = {
			isa = XCBuildConfiguration;
			buildSettings = {
				ASSETCATALOG_COMPILER_APPICON_NAME = AppIcon;
				ASSETCATALOG_COMPILER_GLOBAL_ACCENT_COLOR_NAME = AccentColor;
				CODE_SIGN_STYLE = Automatic;
				DEVELOPMENT_TEAM = 6N28M8Q8ZN;
				INFOPLIST_FILE = MultipleCustomCell/Info.plist;
				LD_RUNPATH_SEARCH_PATHS = (
					"$(inherited)",
					"@executable_path/Frameworks",
				);
				PRODUCT_BUNDLE_IDENTIFIER = com.rosenvb.MultipleCustomCell;
				PRODUCT_NAME = "$(TARGET_NAME)";
				SWIFT_VERSION = 5.0;
				TARGETED_DEVICE_FAMILY = "1,2";
			};
			name = Release;
		};
/* End XCBuildConfiguration section */

/* Begin XCConfigurationList section */
		20CEB8AB284183C30038718A /* Build configuration list for PBXProject "MultipleCustomCell" */ = {
			isa = XCConfigurationList;
			buildConfigurations = (
				20CEB8C2284183C70038718A /* Debug */,
				20CEB8C3284183C70038718A /* Release */,
			);
			defaultConfigurationIsVisible = 0;
			defaultConfigurationName = Release;
		};
		20CEB8C4284183C70038718A /* Build configuration list for PBXNativeTarget "MultipleCustomCell" */ = {
			isa = XCConfigurationList;
			buildConfigurations = (
				20CEB8C5284183C70038718A /* Debug */,
				20CEB8C6284183C70038718A /* Release */,
			);
			defaultConfigurationIsVisible = 0;
			defaultConfigurationName = Release;
		};
/* End XCConfigurationList section */
	};
	rootObject = 20CEB8A8284183C30038718A /* Project object */;
}
